
Microsoft Visual Studio Solution File, Format Version 12.00
# Visual Studio Version 16
VisualStudioVersion = 16.0.32002.261
MinimumVisualStudioVersion = 10.0.40219.1
Project("{FAE04EC0-301F-11D3-BF4B-00C04F79EFBC}") = "ClipboardNewLineRemover", "ClipboardNewLineRemover\ClipboardNewLineRemover.csproj", "{4AFEC34A-CD4B-4754-88EB-DA3364637213}"
EndProject
Global
	GlobalSection(SolutionConfigurationPlatforms) = preSolution
		Debug|Any CPU = Debug|Any CPU
		Release|Any CPU = Release|Any CPU
	EndGlobalSection
	GlobalSection(ProjectConfigurationPlatforms) = postSolution
		{4AFEC34A-CD4B-4754-88EB-DA3364637213}.Debug|Any CPU.ActiveCfg = Debug|Any CPU
		{4AFEC34A-CD4B-4754-88EB-DA3364637213}.Debug|Any CPU.Build.0 = Debug|Any CPU
		{4AFEC34A-CD4B-4754-88EB-DA3364637213}.Release|Any CPU.ActiveCfg = Release|Any CPU
		{4AFEC34A-CD4B-4754-88EB-DA3364637213}.Release|Any CPU.Build.0 = Release|Any CPU
	EndGlobalSection
	GlobalSection(SolutionProperties) = preSolution
		HideSolutionNode = FALSE
	EndGlobalSection
	GlobalSection(ExtensibilityGlobals) = postSolution
		SolutionGuid = {0990F99B-A65B-42B2-AC0F-01CF83279CEC}
	EndGlobalSection
EndGlobal
